
Microsoft Visual Studio Solution File, Format Version 12.00
# Visual Studio Version 16
VisualStudioVersion = 16.0.30011.22
MinimumVisualStudioVersion = 10.0.40219.1
Project("{FAE04EC0-301F-11D3-BF4B-00C04F79EFBC}") = "Simplecade", "Simplecade\Simplecade.csproj", "{DC7B47FA-261D-4CC0-8397-DEC13F07CC7E}"
EndProject
Global
	GlobalSection(SolutionConfigurationPlatforms) = preSolution
		Debug|Any CPU = Debug|Any CPU
		Release|Any CPU = Release|Any CPU
	EndGlobalSection
	GlobalSection(ProjectConfigurationPlatforms) = postSolution
		{DC7B47FA-261D-4CC0-8397-DEC13F07CC7E}.Debug|Any CPU.ActiveCfg = Debug|Any CPU
		{DC7B47FA-261D-4CC0-8397-DEC13F07CC7E}.Debug|Any CPU.Build.0 = Debug|Any CPU
		{DC7B47FA-261D-4CC0-8397-DEC13F07CC7E}.Release|Any CPU.ActiveCfg = Release|Any CPU
		{DC7B47FA-261D-4CC0-8397-DEC13F07CC7E}.Release|Any CPU.Build.0 = Release|Any CPU
	EndGlobalSection
	GlobalSection(SolutionProperties) = preSolution
		HideSolutionNode = FALSE
	EndGlobalSection
	GlobalSection(ExtensibilityGlobals) = postSolution
		SolutionGuid = {F7819F1D-24ED-42DD-9C66-11703DEAA443}
	EndGlobalSection
EndGlobal
